
Microsoft Visual Studio Solution File, Format Version 12.00
# Visual Studio Version 16
VisualStudioVersion = 16.0.29709.97
MinimumVisualStudioVersion = 10.0.40219.1
Project("{FAE04EC0-301F-11D3-BF4B-00C04F79EFBC}") = "BlackjackStrategy", "BlackjackStrategy\BlackjackStrategy.csproj", "{F9334013-3A70-4240-9C96-BAA43C075BF8}"
EndProject
Project("{FAE04EC0-301F-11D3-BF4B-00C04F79EFBC}") = "BlackjackLogic", "BlackjackLogic\BlackjackLogic.csproj", "{C137CBAE-1E51-4219-BBF9-A990236D50A4}"
EndProject
Project("{FAE04EC0-301F-11D3-BF4B-00C04F79EFBC}") = "BlackjackTestConsole", "BlackjackTestConsole\BlackjackTestConsole.csproj", "{C66DDC5C-EC0C-4556-BE1D-3784440A8835}"
EndProject
Project("{FAE04EC0-301F-11D3-BF4B-00C04F79EFBC}") = "UniqueShuffleCheck", "UniqueShuffleCheck\UniqueShuffleCheck.csproj", "{D6544F93-4411-42FB-91F9-D92B4E64B965}"
EndProject
Global
	GlobalSection(SolutionConfigurationPlatforms) = preSolution
		Debug|Any CPU = Debug|Any CPU
		Release|Any CPU = Release|Any CPU
	EndGlobalSection
	GlobalSection(ProjectConfigurationPlatforms) = postSolution
		{F9334013-3A70-4240-9C96-BAA43C075BF8}.Debug|Any CPU.ActiveCfg = Debug|Any CPU
		{F9334013-3A70-4240-9C96-BAA43C075BF8}.Debug|Any CPU.Build.0 = Debug|Any CPU
		{F9334013-3A70-4240-9C96-BAA43C075BF8}.Release|Any CPU.ActiveCfg = Release|Any CPU
		{F9334013-3A70-4240-9C96-BAA43C075BF8}.Release|Any CPU.Build.0 = Release|Any CPU
		{C137CBAE-1E51-4219-BBF9-A990236D50A4}.Debug|Any CPU.ActiveCfg = Debug|Any CPU
		{C137CBAE-1E51-4219-BBF9-A990236D50A4}.Debug|Any CPU.Build.0 = Debug|Any CPU
		{C137CBAE-1E51-4219-BBF9-A990236D50A4}.Release|Any CPU.ActiveCfg = Release|Any CPU
		{C137CBAE-1E51-4219-BBF9-A990236D50A4}.Release|Any CPU.Build.0 = Release|Any CPU
		{C66DDC5C-EC0C-4556-BE1D-3784440A8835}.Debug|Any CPU.ActiveCfg = Debug|Any CPU
		{C66DDC5C-EC0C-4556-BE1D-3784440A8835}.Debug|Any CPU.Build.0 = Debug|Any CPU
		{C66DDC5C-EC0C-4556-BE1D-3784440A8835}.Release|Any CPU.ActiveCfg = Release|Any CPU
		{C66DDC5C-EC0C-4556-BE1D-3784440A8835}.Release|Any CPU.Build.0 = Release|Any CPU
		{D6544F93-4411-42FB-91F9-D92B4E64B965}.Debug|Any CPU.ActiveCfg = Debug|Any CPU
		{D6544F93-4411-42FB-91F9-D92B4E64B965}.Debug|Any CPU.Build.0 = Debug|Any CPU
		{D6544F93-4411-42FB-91F9-D92B4E64B965}.Release|Any CPU.ActiveCfg = Release|Any CPU
		{D6544F93-4411-42FB-91F9-D92B4E64B965}.Release|Any CPU.Build.0 = Release|Any CPU
	EndGlobalSection
	GlobalSection(SolutionProperties) = preSolution
		HideSolutionNode = FALSE
	EndGlobalSection
	GlobalSection(ExtensibilityGlobals) = postSolution
		SolutionGuid = {43B4D7DB-6C31-4F23-9577-437015F80239}
	EndGlobalSection
EndGlobal
